
Microsoft Visual Studio Solution File, Format Version 12.00
# Visual Studio Version 17
VisualStudioVersion = 17.9.34902.65
MinimumVisualStudioVersion = 10.0.40219.1
Project("{FAE04EC0-301F-11D3-BF4B-00C04F79EFBC}") = "SmartJobScheduler", "SmartJobScheduler\SmartJobScheduler.csproj", "{D21799C8-511D-4B25-BD87-7718A82F11F2}"
EndProject
Global
	GlobalSection(SolutionConfigurationPlatforms) = preSolution
		Debug|Any CPU = Debug|Any CPU
		Release|Any CPU = Release|Any CPU
	EndGlobalSection
	GlobalSection(ProjectConfigurationPlatforms) = postSolution
		{D21799C8-511D-4B25-BD87-7718A82F11F2}.Debug|Any CPU.ActiveCfg = Debug|Any CPU
		{D21799C8-511D-4B25-BD87-7718A82F11F2}.Debug|Any CPU.Build.0 = Debug|Any CPU
		{D21799C8-511D-4B25-BD87-7718A82F11F2}.Release|Any CPU.ActiveCfg = Release|Any CPU
		{D21799C8-511D-4B25-BD87-7718A82F11F2}.Release|Any CPU.Build.0 = Release|Any CPU
	EndGlobalSection
	GlobalSection(SolutionProperties) = preSolution
		HideSolutionNode = FALSE
	EndGlobalSection
	GlobalSection(ExtensibilityGlobals) = postSolution
		SolutionGuid = {816C486A-B5A8-41F0-90B1-9EDE16733474}
	EndGlobalSection
EndGlobal
